# THIS IS AN AUTOGENERATED FILE. DO NOT EDIT THIS FILE DIRECTLY.
# yarn lockfile v1


moment@^2.31.0:
  version "2.31.0"
  resolved "https://registry.yarnpkg.com/moment/-/moment-2.31.0.tgz#6e19184e8005a9dfc61c9351263d4d6ea2ace7aa"
  integrity sha512-0acOTfMiWOheYS4eoWb80yYMb/JLvVv9SHbs2PehaDzfUG0Bw855SKyk0IKTnPGa5+U2bmi3W68l1+sGLX/pvw==
